
Microsoft Visual Studio Solution File, Format Version 12.00
# Visual Studio 14
VisualStudioVersion = 14.0.24720.0
MinimumVisualStudioVersion = 10.0.40219.1
Project("{FAE04EC0-301F-11D3-BF4B-00C04F79EFBC}") = "Telemetry.Api", "Telemetry.Api\Telemetry.Api.csproj", "{22F50A0A-7564-4E50-AC0F-11A31CB3227E}"
EndProject
Project("{FAE04EC0-301F-11D3-BF4B-00C04F79EFBC}") = "Telemetry.Core", "Telemetry.Core\Telemetry.Core.csproj", "{74BEDE2D-F0BB-456E-BF9B-AAFA69FA02AF}"
EndProject
Project("{2150E333-8FDC-42A3-9474-1A3956D46DE8}") = "API", "API", "{44DBCC8E-C036-4649-8E09-222C44574068}"
EndProject
Project("{2150E333-8FDC-42A3-9474-1A3956D46DE8}") = "Core", "Core", "{438E6382-14FC-40FF-84FC-D6CB84292CBE}"
EndProject
Project("{2150E333-8FDC-42A3-9474-1A3956D46DE8}") = "Tests", "Tests", "{99AC93B6-5282-4B67-A4EA-4B7CB7F0986E}"
EndProject
Project("{FAE04EC0-301F-11D3-BF4B-00C04F79EFBC}") = "Telemetry.Core.UnitTests", "Telemetry.Core.UnitTests\Telemetry.Core.UnitTests.csproj", "{444D158B-7F0A-4AEA-BF52-46A0FE66E1BA}"
EndProject
Project("{CC5FD16D-436D-48AD-A40C-5A424C6E3E79}") = "Telemetry.Api.CloudService", "Telemetry.Api.CloudService\Telemetry.Api.CloudService.ccproj", "{BF64E840-3810-414B-BE53-0C520DFC6625}"
EndProject
Project("{2150E333-8FDC-42A3-9474-1A3956D46DE8}") = "DeepStorage", "DeepStorage", "{C1F4D778-9632-4239-BE95-798D4B18C905}"
EndProject
Project("{FAE04EC0-301F-11D3-BF4B-00C04F79EFBC}") = "Telemetry.EventProcessor.DeepStorage.Worker", "Telemetry.EventProcessor.DeepStorage.Worker\Telemetry.EventProcessor.DeepStorage.Worker.csproj", "{A2FDA3EF-0D8D-4FD8-A4FF-8905D14943EA}"
EndProject
Project("{2150E333-8FDC-42A3-9474-1A3956D46DE8}") = "Dashboard", "Dashboard", "{37657C1D-C86E-4BE4-898C-5E4311E56F35}"
EndProject
Project("{FAE04EC0-301F-11D3-BF4B-00C04F79EFBC}") = "Telemetry.DeepStorage.Dashboard", "Telemetry.DeepStorage.Dashboard\Telemetry.DeepStorage.Dashboard.csproj", "{0A7D6208-4163-49E2-9157-62A4640B35CD}"
EndProject
Project("{FAE04EC0-301F-11D3-BF4B-00C04F79EFBC}") = "Telemetry.DataIngestion.Dashboard", "Telemetry.DataIngestion.Dashboard\Telemetry.DataIngestion.Dashboard.csproj", "{E467F342-64A3-4308-BCB5-7368BE647E95}"
EndProject
Project("{FAE04EC0-301F-11D3-BF4B-00C04F79EFBC}") = "Telemetry.Core.EventProcessor", "Telemetry.Core.EventProcessor\Telemetry.Core.EventProcessor.csproj", "{0686DD41-A282-41FE-A1A3-C6DB05E00E4B}"
EndProject
Project("{00D1A9C2-B5F0-4AF3-8072-F6C62B433612}") = "Telemetry.Database", "Telemetry.Database\Telemetry.Database.sqlproj", "{7B712983-333C-4804-BFC8-70CDCD28C80C}"
EndProject
Project("{FAE04EC0-301F-11D3-BF4B-00C04F79EFBC}") = "Telemetry.Entities", "Telemetry.Entities\Telemetry.Entities.csproj", "{E7EA6B53-6ECC-4ECB-A316-F9B89DE45D80}"
EndProject
Project("{2150E333-8FDC-42A3-9474-1A3956D46DE8}") = "RealTime", "RealTime", "{DD858EBF-6A73-45C3-BA34-77262B2FDE13}"
EndProject
Project("{CC5FD16D-436D-48AD-A40C-5A424C6E3E79}") = "Telemetry.EventProcessor.RealTime", "Telemetry.EventProcessor.RealTime\Telemetry.EventProcessor.RealTime.ccproj", "{C310D4D7-7BFC-4E63-9E84-6CFF859A04EE}"
EndProject
Project("{FAE04EC0-301F-11D3-BF4B-00C04F79EFBC}") = "Telemetry.EventProcessor.RealTime.Storm", "Telemetry.EventProcessor.RealTime.Storm\Telemetry.EventProcessor.RealTime.Storm.csproj", "{A488A48B-C82B-4313-8E93-DC956C85EE05}"
EndProject
Project("{FAE04EC0-301F-11D3-BF4B-00C04F79EFBC}") = "Telemetry.EventProcessor.RealTime.Worker", "Telemetry.EventProcessor.RealTime.Worker\Telemetry.EventProcessor.RealTime.Worker.csproj", "{2B2BC22E-74FF-45FB-B8B9-EC7438C42F31}"
EndProject
Global
	GlobalSection(SolutionConfigurationPlatforms) = preSolution
		Debug|Any CPU = Debug|Any CPU
		Release|Any CPU = Release|Any CPU
	EndGlobalSection
	GlobalSection(ProjectConfigurationPlatforms) = postSolution
		{22F50A0A-7564-4E50-AC0F-11A31CB3227E}.Debug|Any CPU.ActiveCfg = Debug|Any CPU
		{22F50A0A-7564-4E50-AC0F-11A31CB3227E}.Debug|Any CPU.Build.0 = Debug|Any CPU
		{22F50A0A-7564-4E50-AC0F-11A31CB3227E}.Release|Any CPU.ActiveCfg = Release|Any CPU
		{22F50A0A-7564-4E50-AC0F-11A31CB3227E}.Release|Any CPU.Build.0 = Release|Any CPU
		{74BEDE2D-F0BB-456E-BF9B-AAFA69FA02AF}.Debug|Any CPU.ActiveCfg = Debug|Any CPU
		{74BEDE2D-F0BB-456E-BF9B-AAFA69FA02AF}.Debug|Any CPU.Build.0 = Debug|Any CPU
		{74BEDE2D-F0BB-456E-BF9B-AAFA69FA02AF}.Release|Any CPU.ActiveCfg = Release|Any CPU
		{74BEDE2D-F0BB-456E-BF9B-AAFA69FA02AF}.Release|Any CPU.Build.0 = Release|Any CPU
		{444D158B-7F0A-4AEA-BF52-46A0FE66E1BA}.Debug|Any CPU.ActiveCfg = Debug|Any CPU
		{444D158B-7F0A-4AEA-BF52-46A0FE66E1BA}.Debug|Any CPU.Build.0 = Debug|Any CPU
		{444D158B-7F0A-4AEA-BF52-46A0FE66E1BA}.Release|Any CPU.ActiveCfg = Release|Any CPU
		{444D158B-7F0A-4AEA-BF52-46A0FE66E1BA}.Release|Any CPU.Build.0 = Release|Any CPU
		{BF64E840-3810-414B-BE53-0C520DFC6625}.Debug|Any CPU.ActiveCfg = Debug|Any CPU
		{BF64E840-3810-414B-BE53-0C520DFC6625}.Debug|Any CPU.Build.0 = Debug|Any CPU
		{BF64E840-3810-414B-BE53-0C520DFC6625}.Release|Any CPU.ActiveCfg = Release|Any CPU
		{BF64E840-3810-414B-BE53-0C520DFC6625}.Release|Any CPU.Build.0 = Release|Any CPU
		{A2FDA3EF-0D8D-4FD8-A4FF-8905D14943EA}.Debug|Any CPU.ActiveCfg = Debug|Any CPU
		{A2FDA3EF-0D8D-4FD8-A4FF-8905D14943EA}.Debug|Any CPU.Build.0 = Debug|Any CPU
		{A2FDA3EF-0D8D-4FD8-A4FF-8905D14943EA}.Release|Any CPU.ActiveCfg = Release|Any CPU
		{A2FDA3EF-0D8D-4FD8-A4FF-8905D14943EA}.Release|Any CPU.Build.0 = Release|Any CPU
		{0A7D6208-4163-49E2-9157-62A4640B35CD}.Debug|Any CPU.ActiveCfg = Debug|Any CPU
		{0A7D6208-4163-49E2-9157-62A4640B35CD}.Debug|Any CPU.Build.0 = Debug|Any CPU
		{0A7D6208-4163-49E2-9157-62A4640B35CD}.Release|Any CPU.ActiveCfg = Release|Any CPU
		{0A7D6208-4163-49E2-9157-62A4640B35CD}.Release|Any CPU.Build.0 = Release|Any CPU
		{E467F342-64A3-4308-BCB5-7368BE647E95}.Debug|Any CPU.ActiveCfg = Debug|Any CPU
		{E467F342-64A3-4308-BCB5-7368BE647E95}.Debug|Any CPU.Build.0 = Debug|Any CPU
		{E467F342-64A3-4308-BCB5-7368BE647E95}.Release|Any CPU.ActiveCfg = Release|Any CPU
		{E467F342-64A3-4308-BCB5-7368BE647E95}.Release|Any CPU.Build.0 = Release|Any CPU
		{0686DD41-A282-41FE-A1A3-C6DB05E00E4B}.Debug|Any CPU.ActiveCfg = Debug|Any CPU
		{0686DD41-A282-41FE-A1A3-C6DB05E00E4B}.Debug|Any CPU.Build.0 = Debug|Any CPU
		{0686DD41-A282-41FE-A1A3-C6DB05E00E4B}.Release|Any CPU.ActiveCfg = Release|Any CPU
		{0686DD41-A282-41FE-A1A3-C6DB05E00E4B}.Release|Any CPU.Build.0 = Release|Any CPU
		{7B712983-333C-4804-BFC8-70CDCD28C80C}.Debug|Any CPU.ActiveCfg = Debug|Any CPU
		{7B712983-333C-4804-BFC8-70CDCD28C80C}.Debug|Any CPU.Build.0 = Debug|Any CPU
		{7B712983-333C-4804-BFC8-70CDCD28C80C}.Debug|Any CPU.Deploy.0 = Debug|Any CPU
		{7B712983-333C-4804-BFC8-70CDCD28C80C}.Release|Any CPU.ActiveCfg = Release|Any CPU
		{7B712983-333C-4804-BFC8-70CDCD28C80C}.Release|Any CPU.Build.0 = Release|Any CPU
		{7B712983-333C-4804-BFC8-70CDCD28C80C}.Release|Any CPU.Deploy.0 = Release|Any CPU
		{E7EA6B53-6ECC-4ECB-A316-F9B89DE45D80}.Debug|Any CPU.ActiveCfg = Debug|Any CPU
		{E7EA6B53-6ECC-4ECB-A316-F9B89DE45D80}.Debug|Any CPU.Build.0 = Debug|Any CPU
		{E7EA6B53-6ECC-4ECB-A316-F9B89DE45D80}.Release|Any CPU.ActiveCfg = Release|Any CPU
		{E7EA6B53-6ECC-4ECB-A316-F9B89DE45D80}.Release|Any CPU.Build.0 = Release|Any CPU
		{C310D4D7-7BFC-4E63-9E84-6CFF859A04EE}.Debug|Any CPU.ActiveCfg = Debug|Any CPU
		{C310D4D7-7BFC-4E63-9E84-6CFF859A04EE}.Debug|Any CPU.Build.0 = Debug|Any CPU
		{C310D4D7-7BFC-4E63-9E84-6CFF859A04EE}.Release|Any CPU.ActiveCfg = Release|Any CPU
		{C310D4D7-7BFC-4E63-9E84-6CFF859A04EE}.Release|Any CPU.Build.0 = Release|Any CPU
		{A488A48B-C82B-4313-8E93-DC956C85EE05}.Debug|Any CPU.ActiveCfg = Debug|Any CPU
		{A488A48B-C82B-4313-8E93-DC956C85EE05}.Debug|Any CPU.Build.0 = Debug|Any CPU
		{A488A48B-C82B-4313-8E93-DC956C85EE05}.Release|Any CPU.ActiveCfg = Release|Any CPU
		{A488A48B-C82B-4313-8E93-DC956C85EE05}.Release|Any CPU.Build.0 = Release|Any CPU
		{2B2BC22E-74FF-45FB-B8B9-EC7438C42F31}.Debug|Any CPU.ActiveCfg = Debug|Any CPU
		{2B2BC22E-74FF-45FB-B8B9-EC7438C42F31}.Debug|Any CPU.Build.0 = Debug|Any CPU
		{2B2BC22E-74FF-45FB-B8B9-EC7438C42F31}.Release|Any CPU.ActiveCfg = Release|Any CPU
		{2B2BC22E-74FF-45FB-B8B9-EC7438C42F31}.Release|Any CPU.Build.0 = Release|Any CPU
	EndGlobalSection
	GlobalSection(SolutionProperties) = preSolution
		HideSolutionNode = FALSE
	EndGlobalSection
	GlobalSection(NestedProjects) = preSolution
		{22F50A0A-7564-4E50-AC0F-11A31CB3227E} = {44DBCC8E-C036-4649-8E09-222C44574068}
		{74BEDE2D-F0BB-456E-BF9B-AAFA69FA02AF} = {438E6382-14FC-40FF-84FC-D6CB84292CBE}
		{99AC93B6-5282-4B67-A4EA-4B7CB7F0986E} = {438E6382-14FC-40FF-84FC-D6CB84292CBE}
		{444D158B-7F0A-4AEA-BF52-46A0FE66E1BA} = {99AC93B6-5282-4B67-A4EA-4B7CB7F0986E}
		{BF64E840-3810-414B-BE53-0C520DFC6625} = {44DBCC8E-C036-4649-8E09-222C44574068}
		{A2FDA3EF-0D8D-4FD8-A4FF-8905D14943EA} = {C1F4D778-9632-4239-BE95-798D4B18C905}
		{0A7D6208-4163-49E2-9157-62A4640B35CD} = {37657C1D-C86E-4BE4-898C-5E4311E56F35}
		{E467F342-64A3-4308-BCB5-7368BE647E95} = {37657C1D-C86E-4BE4-898C-5E4311E56F35}
		{0686DD41-A282-41FE-A1A3-C6DB05E00E4B} = {438E6382-14FC-40FF-84FC-D6CB84292CBE}
		{7B712983-333C-4804-BFC8-70CDCD28C80C} = {438E6382-14FC-40FF-84FC-D6CB84292CBE}
		{E7EA6B53-6ECC-4ECB-A316-F9B89DE45D80} = {438E6382-14FC-40FF-84FC-D6CB84292CBE}
		{C310D4D7-7BFC-4E63-9E84-6CFF859A04EE} = {DD858EBF-6A73-45C3-BA34-77262B2FDE13}
		{A488A48B-C82B-4313-8E93-DC956C85EE05} = {DD858EBF-6A73-45C3-BA34-77262B2FDE13}
		{2B2BC22E-74FF-45FB-B8B9-EC7438C42F31} = {DD858EBF-6A73-45C3-BA34-77262B2FDE13}
	EndGlobalSection
EndGlobal
