
Microsoft Visual Studio Solution File, Format Version 12.00
# Visual Studio 14
VisualStudioVersion = 14.0.24720.0
MinimumVisualStudioVersion = 10.0.40219.1
Project("{FAE04EC0-301F-11D3-BF4B-00C04F79EFBC}") = "Telemetry.Api", "Telemetry.Api\Telemetry.Api.csproj", "{22F50A0A-7564-4E50-AC0F-11A31CB3227E}"
EndProject
Project("{FAE04EC0-301F-11D3-BF4B-00C04F79EFBC}") = "Telemetry.Core", "Telemetry.Core\Telemetry.Core.csproj", "{74BEDE2D-F0BB-456E-BF9B-AAFA69FA02AF}"
EndProject
Project("{2150E333-8FDC-42A3-9474-1A3956D46DE8}") = "API", "API", "{44DBCC8E-C036-4649-8E09-222C44574068}"
EndProject
Project("{2150E333-8FDC-42A3-9474-1A3956D46DE8}") = "Core", "Core", "{438E6382-14FC-40FF-84FC-D6CB84292CBE}"
EndProject
Project("{2150E333-8FDC-42A3-9474-1A3956D46DE8}") = "Tests", "Tests", "{99AC93B6-5282-4B67-A4EA-4B7CB7F0986E}"
EndProject
Project("{FAE04EC0-301F-11D3-BF4B-00C04F79EFBC}") = "Telemetry.Core.UnitTests", "Telemetry.Core.UnitTests\Telemetry.Core.UnitTests.csproj", "{444D158B-7F0A-4AEA-BF52-46A0FE66E1BA}"
EndProject
Global
	GlobalSection(SolutionConfigurationPlatforms) = preSolution
		Debug|Any CPU = Debug|Any CPU
		Release|Any CPU = Release|Any CPU
	EndGlobalSection
	GlobalSection(ProjectConfigurationPlatforms) = postSolution
		{22F50A0A-7564-4E50-AC0F-11A31CB3227E}.Debug|Any CPU.ActiveCfg = Debug|Any CPU
		{22F50A0A-7564-4E50-AC0F-11A31CB3227E}.Debug|Any CPU.Build.0 = Debug|Any CPU
		{22F50A0A-7564-4E50-AC0F-11A31CB3227E}.Release|Any CPU.ActiveCfg = Release|Any CPU
		{22F50A0A-7564-4E50-AC0F-11A31CB3227E}.Release|Any CPU.Build.0 = Release|Any CPU
		{74BEDE2D-F0BB-456E-BF9B-AAFA69FA02AF}.Debug|Any CPU.ActiveCfg = Debug|Any CPU
		{74BEDE2D-F0BB-456E-BF9B-AAFA69FA02AF}.Debug|Any CPU.Build.0 = Debug|Any CPU
		{74BEDE2D-F0BB-456E-BF9B-AAFA69FA02AF}.Release|Any CPU.ActiveCfg = Release|Any CPU
		{74BEDE2D-F0BB-456E-BF9B-AAFA69FA02AF}.Release|Any CPU.Build.0 = Release|Any CPU
		{444D158B-7F0A-4AEA-BF52-46A0FE66E1BA}.Debug|Any CPU.ActiveCfg = Debug|Any CPU
		{444D158B-7F0A-4AEA-BF52-46A0FE66E1BA}.Debug|Any CPU.Build.0 = Debug|Any CPU
		{444D158B-7F0A-4AEA-BF52-46A0FE66E1BA}.Release|Any CPU.ActiveCfg = Release|Any CPU
		{444D158B-7F0A-4AEA-BF52-46A0FE66E1BA}.Release|Any CPU.Build.0 = Release|Any CPU
	EndGlobalSection
	GlobalSection(SolutionProperties) = preSolution
		HideSolutionNode = FALSE
	EndGlobalSection
	GlobalSection(NestedProjects) = preSolution
		{74BEDE2D-F0BB-456E-BF9B-AAFA69FA02AF} = {438E6382-14FC-40FF-84FC-D6CB84292CBE}
		{99AC93B6-5282-4B67-A4EA-4B7CB7F0986E} = {438E6382-14FC-40FF-84FC-D6CB84292CBE}
		{444D158B-7F0A-4AEA-BF52-46A0FE66E1BA} = {99AC93B6-5282-4B67-A4EA-4B7CB7F0986E}
	EndGlobalSection
EndGlobal
